
Microsoft Visual Studio Solution File, Format Version 12.00
# Visual Studio Version 16
VisualStudioVersion = 16.0.30028.174
MinimumVisualStudioVersion = 10.0.40219.1
Project("{FAE04EC0-301F-11D3-BF4B-00C04F79EFBC}") = "BlazingPizza.Server", "BlazingPizza\Server\BlazingPizza.Server.csproj", "{F3BA49BD-9CDA-45F4-B48E-5F9544B211A1}"
EndProject
Project("{FAE04EC0-301F-11D3-BF4B-00C04F79EFBC}") = "BlazingPizza.Client", "BlazingPizza\Client\BlazingPizza.Client.csproj", "{4C3188B2-A05B-45DB-995A-075359D21B18}"
EndProject
Project("{FAE04EC0-301F-11D3-BF4B-00C04F79EFBC}") = "BlazingPizza.Shared", "BlazingPizza\Shared\BlazingPizza.Shared.csproj", "{BF2D29E0-C349-4171-A1D7-BB54939D6241}"
EndProject
Global
	GlobalSection(SolutionConfigurationPlatforms) = preSolution
		Debug|Any CPU = Debug|Any CPU
		Release|Any CPU = Release|Any CPU
	EndGlobalSection
	GlobalSection(ProjectConfigurationPlatforms) = postSolution
		{F3BA49BD-9CDA-45F4-B48E-5F9544B211A1}.Debug|Any CPU.ActiveCfg = Debug|Any CPU
		{F3BA49BD-9CDA-45F4-B48E-5F9544B211A1}.Debug|Any CPU.Build.0 = Debug|Any CPU
		{F3BA49BD-9CDA-45F4-B48E-5F9544B211A1}.Release|Any CPU.ActiveCfg = Release|Any CPU
		{F3BA49BD-9CDA-45F4-B48E-5F9544B211A1}.Release|Any CPU.Build.0 = Release|Any CPU
		{4C3188B2-A05B-45DB-995A-075359D21B18}.Debug|Any CPU.ActiveCfg = Debug|Any CPU
		{4C3188B2-A05B-45DB-995A-075359D21B18}.Debug|Any CPU.Build.0 = Debug|Any CPU
		{4C3188B2-A05B-45DB-995A-075359D21B18}.Release|Any CPU.ActiveCfg = Release|Any CPU
		{4C3188B2-A05B-45DB-995A-075359D21B18}.Release|Any CPU.Build.0 = Release|Any CPU
		{BF2D29E0-C349-4171-A1D7-BB54939D6241}.Debug|Any CPU.ActiveCfg = Debug|Any CPU
		{BF2D29E0-C349-4171-A1D7-BB54939D6241}.Debug|Any CPU.Build.0 = Debug|Any CPU
		{BF2D29E0-C349-4171-A1D7-BB54939D6241}.Release|Any CPU.ActiveCfg = Release|Any CPU
		{BF2D29E0-C349-4171-A1D7-BB54939D6241}.Release|Any CPU.Build.0 = Release|Any CPU
	EndGlobalSection
	GlobalSection(SolutionProperties) = preSolution
		HideSolutionNode = FALSE
	EndGlobalSection
	GlobalSection(ExtensibilityGlobals) = postSolution
		SolutionGuid = {DDA6F9B9-0D2B-4F71-9858-D5CC2F10FDE4}
	EndGlobalSection
EndGlobal
